
Microsoft Visual Studio Solution File, Format Version 12.00
# Visual Studio Version 17
VisualStudioVersion = 17.10.35013.160
MinimumVisualStudioVersion = 10.0.40219.1
Project("{FAE04EC0-301F-11D3-BF4B-00C04F79EFBC}") = "bytebank_GeradorChavePix", "bytebank_GeradorChavePix\bytebank_GeradorChavePix.csproj", "{55463A5A-30D2-48C0-B932-8F779D8CAC5C}"
EndProject
Global
	GlobalSection(SolutionConfigurationPlatforms) = preSolution
		Debug|Any CPU = Debug|Any CPU
		Release|Any CPU = Release|Any CPU
	EndGlobalSection
	GlobalSection(ProjectConfigurationPlatforms) = postSolution
		{55463A5A-30D2-48C0-B932-8F779D8CAC5C}.Debug|Any CPU.ActiveCfg = Debug|Any CPU
		{55463A5A-30D2-48C0-B932-8F779D8CAC5C}.Debug|Any CPU.Build.0 = Debug|Any CPU
		{55463A5A-30D2-48C0-B932-8F779D8CAC5C}.Release|Any CPU.ActiveCfg = Release|Any CPU
		{55463A5A-30D2-48C0-B932-8F779D8CAC5C}.Release|Any CPU.Build.0 = Release|Any CPU
	EndGlobalSection
	GlobalSection(SolutionProperties) = preSolution
		HideSolutionNode = FALSE
	EndGlobalSection
	GlobalSection(ExtensibilityGlobals) = postSolution
		SolutionGuid = {230CC129-8C01-4576-980F-8864CEC770C7}
	EndGlobalSection
EndGlobal
